
Microsoft Visual Studio Solution File, Format Version 12.00
# Visual Studio 2012
Project("{8BC9CEB8-8B4A-11D0-8D11-00A0C91BC942}") = "MFCApplication6", "MFCApplication6\MFCApplication6.vcxproj", "{38A12904-831F-4D89-A7D7-6DBD2797579C}"
EndProject
Global
	GlobalSection(SolutionConfigurationPlatforms) = preSolution
		Debug|Win32 = Debug|Win32
		Release|Win32 = Release|Win32
	EndGlobalSection
	GlobalSection(ProjectConfigurationPlatforms) = postSolution
		{38A12904-831F-4D89-A7D7-6DBD2797579C}.Debug|Win32.ActiveCfg = Debug|Win32
		{38A12904-831F-4D89-A7D7-6DBD2797579C}.Debug|Win32.Build.0 = Debug|Win32
		{38A12904-831F-4D89-A7D7-6DBD2797579C}.Release|Win32.ActiveCfg = Release|Win32
		{38A12904-831F-4D89-A7D7-6DBD2797579C}.Release|Win32.Build.0 = Release|Win32
	EndGlobalSection
	GlobalSection(SolutionProperties) = preSolution
		HideSolutionNode = FALSE
	EndGlobalSection
EndGlobal
